
Microsoft Visual Studio Solution File, Format Version 12.00
# Visual Studio 15
VisualStudioVersion = 15.0.27428.2037
MinimumVisualStudioVersion = 10.0.40219.1
Project("{FAE04EC0-301F-11D3-BF4B-00C04F79EFBC}") = "Telefon Teknik Servis", "Telefon Teknik Servis\Telefon Teknik Servis.csproj", "{6A9F9C19-F7A5-428B-8B5C-A105AEA740A2}"
EndProject
Global
	GlobalSection(SolutionConfigurationPlatforms) = preSolution
		Debug|Any CPU = Debug|Any CPU
		Release|Any CPU = Release|Any CPU
	EndGlobalSection
	GlobalSection(ProjectConfigurationPlatforms) = postSolution
		{6A9F9C19-F7A5-428B-8B5C-A105AEA740A2}.Debug|Any CPU.ActiveCfg = Debug|Any CPU
		{6A9F9C19-F7A5-428B-8B5C-A105AEA740A2}.Debug|Any CPU.Build.0 = Debug|Any CPU
		{6A9F9C19-F7A5-428B-8B5C-A105AEA740A2}.Release|Any CPU.ActiveCfg = Release|Any CPU
		{6A9F9C19-F7A5-428B-8B5C-A105AEA740A2}.Release|Any CPU.Build.0 = Release|Any CPU
	EndGlobalSection
	GlobalSection(SolutionProperties) = preSolution
		HideSolutionNode = FALSE
	EndGlobalSection
	GlobalSection(ExtensibilityGlobals) = postSolution
		SolutionGuid = {1C6C5A6A-1AC7-4A55-9D16-F1EA3566BE7E}
	EndGlobalSection
EndGlobal
